
Microsoft Visual Studio Solution File, Format Version 11.00
# Visual Studio 2010
Project("{FAE04EC0-301F-11D3-BF4B-00C04F79EFBC}") = "Whats Happening @ ASU", "Whats Happening @ ASU\Whats Happening @ ASU.csproj", "{15C006D8-829E-4582-ACE2-C6A57B8F3A9C}"
EndProject
Global
	GlobalSection(SolutionConfigurationPlatforms) = preSolution
		Debug|Any CPU = Debug|Any CPU
		Release|Any CPU = Release|Any CPU
	EndGlobalSection
	GlobalSection(ProjectConfigurationPlatforms) = postSolution
		{15C006D8-829E-4582-ACE2-C6A57B8F3A9C}.Debug|Any CPU.ActiveCfg = Debug|Any CPU
		{15C006D8-829E-4582-ACE2-C6A57B8F3A9C}.Debug|Any CPU.Build.0 = Debug|Any CPU
		{15C006D8-829E-4582-ACE2-C6A57B8F3A9C}.Release|Any CPU.ActiveCfg = Release|Any CPU
		{15C006D8-829E-4582-ACE2-C6A57B8F3A9C}.Release|Any CPU.Build.0 = Release|Any CPU
	EndGlobalSection
	GlobalSection(SolutionProperties) = preSolution
		HideSolutionNode = FALSE
	EndGlobalSection
EndGlobal
